
Microsoft Visual Studio Solution File, Format Version 12.00
# Visual Studio 15
VisualStudioVersion = 15.0.26730.12
MinimumVisualStudioVersion = 10.0.40219.1
Project("{888888A0-9F3D-457C-B088-3A5042F75D52}") = "comax", "comax\comax.pyproj", "{C9175D80-E4FE-48D7-B587-533AD8A86C89}"
EndProject
Global
	GlobalSection(SolutionConfigurationPlatforms) = preSolution
		Debug|Any CPU = Debug|Any CPU
		Release|Any CPU = Release|Any CPU
	EndGlobalSection
	GlobalSection(ProjectConfigurationPlatforms) = postSolution
		{C9175D80-E4FE-48D7-B587-533AD8A86C89}.Debug|Any CPU.ActiveCfg = Debug|Any CPU
		{C9175D80-E4FE-48D7-B587-533AD8A86C89}.Release|Any CPU.ActiveCfg = Release|Any CPU
	EndGlobalSection
	GlobalSection(SolutionProperties) = preSolution
		HideSolutionNode = FALSE
	EndGlobalSection
	GlobalSection(ExtensibilityGlobals) = postSolution
		SolutionGuid = {ED7032BA-E677-4B94-8E62-118FB10131BA}
	EndGlobalSection
EndGlobal
